<?xml version="1.0" encoding="UTF-8" standalone="yes" ?>
<CodeBlocks_project_file>
	<FileVersion major="1" minor="6" />
	<Project>
		<Option title="tld-cppimp" />
		<Option pch_mode="2" />
		<Option compiler="gcc" />
		<Build>
			<Target title="Debug">
				<Option output=".\tld-cppimp" prefix_auto="1" extension_auto="1" />
				<Option object_output=".\" />
				<Option type="1" />
				<Option compiler="gcc" />
				<Compiler>
					<Add option="-g" />
					<Add directory="..\..\opencv\build\include" />
					<Add directory=".\include" />
					<Add directory="..\..\..\..\opencv\build\include" />
					<Add directory="mftracker" />
					<Add directory="C:\opencv\build\include" />
				</Compiler>
				<Linker>
					<Add library="C:\opencv\build\x86\mingw\lib\libopencv_calib3d242.dll.a" />
					<Add library="C:\opencv\build\x86\mingw\lib\libopencv_contrib242.dll.a" />
					<Add library="C:\opencv\build\x86\mingw\lib\libopencv_core242.dll.a" />
					<Add library="C:\opencv\build\x86\mingw\lib\libopencv_features2d242.dll.a" />
					<Add library="C:\opencv\build\x86\mingw\lib\libopencv_flann242.dll.a" />
					<Add library="C:\opencv\build\x86\mingw\lib\libopencv_gpu242.dll.a" />
					<Add library="C:\opencv\build\x86\mingw\lib\libopencv_highgui242.dll.a" />
					<Add library="C:\opencv\build\x86\mingw\lib\libopencv_imgproc242.dll.a" />
					<Add library="C:\opencv\build\x86\mingw\lib\libopencv_legacy242.dll.a" />
					<Add library="C:\opencv\build\x86\mingw\lib\libopencv_ml242.dll.a" />
					<Add library="C:\opencv\build\x86\mingw\lib\libopencv_nonfree242.dll.a" />
					<Add library="C:\opencv\build\x86\mingw\lib\libopencv_objdetect242.dll.a" />
					<Add library="C:\opencv\build\x86\mingw\lib\libopencv_photo242.dll.a" />
					<Add library="C:\opencv\build\x86\mingw\lib\libopencv_stitching242.dll.a" />
					<Add library="C:\opencv\build\x86\mingw\lib\libopencv_ts242.a" />
					<Add library="C:\opencv\build\x86\mingw\lib\libopencv_video242.dll.a" />
					<Add library="C:\opencv\build\x86\mingw\lib\libopencv_videostab242.dll.a" />
				</Linker>
			</Target>
			<Target title="Release">
				<Option output=".\tld-cppimp" prefix_auto="1" extension_auto="1" />
				<Option object_output=".\" />
				<Option type="1" />
				<Option compiler="gcc" />
				<Compiler>
					<Add option="-O2" />
				</Compiler>
				<Linker>
					<Add option="-s" />
				</Linker>
			</Target>
		</Build>
		<Compiler>
			<Add option="-Wall" />
		</Compiler>
		<Unit filename="MedianFlowTracker.cpp" />
		<Unit filename="MedianFlowTracker.h" />
		<Unit filename="Predator.cpp" />
		<Unit filename="Predator.h" />
		<Unit filename="boundingbox.cpp" />
		<Unit filename="boundingbox.h" />
		<Unit filename="clusterer.cpp" />
		<Unit filename="clusterer.h" />
		<Unit filename="detector.cpp" />
		<Unit filename="detector.h" />
		<Unit filename="disjointset.cpp" />
		<Unit filename="disjointset.h" />
		<Unit filename="feature.cpp" />
		<Unit filename="feature.h" />
		<Unit filename="fern.cpp" />
		<Unit filename="fern.h" />
		<Unit filename="ffclassifier.cpp" />
		<Unit filename="ffclassifier.h" />
		<Unit filename="includes.h" />
		<Unit filename="main.cpp" />
		<Unit filename="main_skeleton.cpp" />
		<Unit filename="main_skeleton.h" />
		<Unit filename="mftracker\bb.cpp" />
		<Unit filename="mftracker\bb.h" />
		<Unit filename="mftracker\bb_predict.cpp" />
		<Unit filename="mftracker\bb_predict.h" />
		<Unit filename="mftracker\fbtrack.cpp" />
		<Unit filename="mftracker\fbtrack.h" />
		<Unit filename="mftracker\lk.cpp" />
		<Unit filename="mftracker\lk.h" />
		<Unit filename="mftracker\median.cpp" />
		<Unit filename="mftracker\median.h" />
		<Unit filename="nnclassifier.cpp" />
		<Unit filename="nnclassifier.h" />
		<Unit filename="normalizedpatch.cpp" />
		<Unit filename="normalizedpatch.h" />
		<Unit filename="params.cpp" />
		<Unit filename="params.h" />
		<Unit filename="tld_util.cpp" />
		<Unit filename="tld_util.h" />
		<Unit filename="twobitbp.cpp" />
		<Unit filename="twobitbp.h" />
		<Extensions>
			<code_completion />
			<debugger />
			<lib_finder disable_auto="1" />
		</Extensions>
	</Project>
</CodeBlocks_project_file>
